{
	"name": "test",
	"version": "0.0.0",
	"lockfileVersion": 3,
	"requires": true,
	"packages": {
		"": {
			"name": "test",
			"version": "0.0.0",
			"devDependencies": {
				"@node-3d/core": "file:../.."
			},
			"engines": {
				"node": ">=24.13.0",
				"npm": ">=11.6.2"
			}
		},
		"../..": {
			"name": "@node-3d/core",
			"version": "6.0.0",
			"dev": true,
			"license": "MIT",
			"dependencies": {
				"@node-3d/addon-tools": "^10.0.0",
				"@node-3d/glfw": "^7.0.0",
				"@node-3d/image": "^6.0.0",
				"@node-3d/webgl": "^6.0.0"
			},
			"devDependencies": {
				"@rslib/core": "^0.21.3",
				"@types/node": "^24.1.0",
				"@types/pixelmatch": "^5.2.6",
				"@types/three": "0.174.0",
				"@typescript/native-preview": "^7.0.0-dev.20260503.1",
				"oxlint": "^1.65.0",
				"pixelmatch": "^6.0.0",
				"three": "0.174.0",
				"typescript": "^6.0.3"
			},
			"engines": {
				"node": ">=24.13.0",
				"npm": ">=11.6.2"
			}
		},
		"node_modules/@node-3d/core": {
			"resolved": "../..",
			"link": true
		}
	}
}
